{
  "name": "jackpot-annuity",
  "version": "0.1.0",
  "lockfileVersion": 3,
  "requires": true,
  "packages": {
    "": {
      "name": "jackpot-annuity",
      "version": "0.1.0",
      "license": "MIT",
      "bin": {
        "jackpot-annuity": "bin/jackpot-annuity.js"
      },
      "engines": {
        "node": ">=20"
      }
    }
  }
}
